{
  "originHash" : "38b85f41194e321e86a4aa73c3ba3fee81a75bf81f1737d0edd61e9af858b020",
  "pins" : [
    {
      "identity" : "ios-maps-sdk",
      "kind" : "remoteSourceControl",
      "location" : "https://github.com/googlemaps/ios-maps-sdk",
      "state" : {
        "revision" : "bd392d7d844b49ec6795871a3c25edd01ab839f2",
        "version" : "8.4.0"
      }
    },
    {
      "identity" : "ios-places-sdk",
      "kind" : "remoteSourceControl",
      "location" : "https://github.com/googlemaps/ios-places-sdk",
      "state" : {
        "revision" : "2a9c7305a0e5f83b9acdccfc74eb545ffeb476c3",
        "version" : "8.5.0"
      }
    }
  ],
  "version" : 3
}
