// !$*UTF8*$!
{
	archiveVersion = 1;
	classes = {
	};
	objectVersion = 56;
	objects = {

/* Begin PBXBuildFile section */
		A2617BD72BDF5A320053C4F9 /* GooglePlaces in Frameworks */ = {isa = PBXBuildFile; productRef = A2617BD62BDF5A320053C4F9 /* GooglePlaces */; };
		A27918522BD20E9800D4053A /* AppDelegate.swift in Sources */ = {isa = PBXBuildFile; fileRef = A27918512BD20E9800D4053A /* AppDelegate.swift */; };
		A27918542BD20E9800D4053A /* SceneDelegate.swift in Sources */ = {isa = PBXBuildFile; fileRef = A27918532BD20E9800D4053A /* SceneDelegate.swift */; };
		A27918562BD20E9800D4053A /* ViewController.swift in Sources */ = {isa = PBXBuildFile; fileRef = A27918552BD20E9800D4053A /* ViewController.swift */; };
		A27918592BD20E9800D4053A /* Base in Resources */ = {isa = PBXBuildFile; fileRef = A27918582BD20E9800D4053A /* Base */; };
		A279185B2BD20E9A00D4053A /* Assets.xcassets in Resources */ = {isa = PBXBuildFile; fileRef = A279185A2BD20E9A00D4053A /* Assets.xcassets */; };
		A279185E2BD20E9A00D4053A /* Base in Resources */ = {isa = PBXBuildFile; fileRef = A279185D2BD20E9A00D4053A /* Base */; };
		A27918692BD20E9A00D4053A /* ThisAppTests.swift in Sources */ = {isa = PBXBuildFile; fileRef = A27918682BD20E9A00D4053A /* ThisAppTests.swift */; };
		A27918732BD20E9A00D4053A /* ThisAppUITests.swift in Sources */ = {isa = PBXBuildFile; fileRef = A27918722BD20E9A00D4053A /* ThisAppUITests.swift */; };
		A27918752BD20E9A00D4053A /* ThisAppUITestsLaunchTests.swift in Sources */ = {isa = PBXBuildFile; fileRef = A27918742BD20E9A00D4053A /* ThisAppUITestsLaunchTests.swift */; };
/* End PBXBuildFile section */

/* Begin PBXContainerItemProxy section */
		A27918652BD20E9A00D4053A /* PBXContainerItemProxy */ = {
			isa = PBXContainerItemProxy;
			containerPortal = A27918462BD20E9800D4053A /* Project object */;
			proxyType = 1;
			remoteGlobalIDString = A279184D2BD20E9800D4053A;
			remoteInfo = ThisApp;
		};
		A279186F2BD20E9A00D4053A /* PBXContainerItemProxy */ = {
			isa = PBXContainerItemProxy;
			containerPortal = A27918462BD20E9800D4053A /* Project object */;
			proxyType = 1;
			remoteGlobalIDString = A279184D2BD20E9800D4053A;
			remoteInfo = ThisApp;
		};
/* End PBXContainerItemProxy section */

/* Begin PBXFileReference section */
		A279184E2BD20E9800D4053A /* ThisApp.app */ = {isa = PBXFileReference; explicitFileType = wrapper.application; includeInIndex = 0; path = ThisApp.app; sourceTree = BUILT_PRODUCTS_DIR; };
		A27918512BD20E9800D4053A /* AppDelegate.swift */ = {isa = PBXFileReference; lastKnownFileType = sourcecode.swift; path = AppDelegate.swift; sourceTree = "<group>"; };
		A27918532BD20E9800D4053A /* SceneDelegate.swift */ = {isa = PBXFileReference; lastKnownFileType = sourcecode.swift; path = SceneDelegate.swift; sourceTree = "<group>"; };
		A27918552BD20E9800D4053A /* ViewController.swift */ = {isa = PBXFileReference; lastKnownFileType = sourcecode.swift; path = ViewController.swift; sourceTree = "<group>"; };
		A27918582BD20E9800D4053A /* Base */ = {isa = PBXFileReference; lastKnownFileType = file.storyboard; name = Base; path = Base.lproj/Main.storyboard; sourceTree = "<group>"; };
		A279185A2BD20E9A00D4053A /* Assets.xcassets */ = {isa = PBXFileReference; lastKnownFileType = folder.assetcatalog; path = Assets.xcassets; sourceTree = "<group>"; };
		A279185D2BD20E9A00D4053A /* Base */ = {isa = PBXFileReference; lastKnownFileType = file.storyboard; name = Base; path = Base.lproj/LaunchScreen.storyboard; sourceTree = "<group>"; };
		A279185F2BD20E9A00D4053A /* Info.plist */ = {isa = PBXFileReference; lastKnownFileType = text.plist.xml; path = Info.plist; sourceTree = "<group>"; };
		A27918642BD20E9A00D4053A /* ThisAppTests.xctest */ = {isa = PBXFileReference; explicitFileType = wrapper.cfbundle; includeInIndex = 0; path = ThisAppTests.xctest; sourceTree = BUILT_PRODUCTS_DIR; };
		A27918682BD20E9A00D4053A /* ThisAppTests.swift */ = {isa = PBXFileReference; lastKnownFileType = sourcecode.swift; path = ThisAppTests.swift; sourceTree = "<group>"; };
		A279186E2BD20E9A00D4053A /* ThisAppUITests.xctest */ = {isa = PBXFileReference; explicitFileType = wrapper.cfbundle; includeInIndex = 0; path = ThisAppUITests.xctest; sourceTree = BUILT_PRODUCTS_DIR; };
		A27918722BD20E9A00D4053A /* ThisAppUITests.swift */ = {isa = PBXFileReference; lastKnownFileType = sourcecode.swift; path = ThisAppUITests.swift; sourceTree = "<group>"; };
		A27918742BD20E9A00D4053A /* ThisAppUITestsLaunchTests.swift */ = {isa = PBXFileReference; lastKnownFileType = sourcecode.swift; path = ThisAppUITestsLaunchTests.swift; sourceTree = "<group>"; };
/* End PBXFileReference section */

/* Begin PBXFrameworksBuildPhase section */
		A279184B2BD20E9800D4053A /* Frameworks */ = {
			isa = PBXFrameworksBuildPhase;
			buildActionMask = 2147483647;
			files = (
				A2617BD72BDF5A320053C4F9 /* GooglePlaces in Frameworks */,
			);
			runOnlyForDeploymentPostprocessing = 0;
		};
		A27918612BD20E9A00D4053A /* Frameworks */ = {
			isa = PBXFrameworksBuildPhase;
			buildActionMask = 2147483647;
			files = (
			);
			runOnlyForDeploymentPostprocessing = 0;
		};
		A279186B2BD20E9A00D4053A /* Frameworks */ = {
			isa = PBXFrameworksBuildPhase;
			buildActionMask = 2147483647;
			files = (
			);
			runOnlyForDeploymentPostprocessing = 0;
		};
/* End PBXFrameworksBuildPhase section */

/* Begin PBXGroup section */
		A27918452BD20E9800D4053A = {
			isa = PBXGroup;
			children = (
				A27918502BD20E9800D4053A /* ThisApp */,
				A27918672BD20E9A00D4053A /* ThisAppTests */,
				A27918712BD20E9A00D4053A /* ThisAppUITests */,
				A279184F2BD20E9800D4053A /* Products */,
			);
			sourceTree = "<group>";
		};
		A279184F2BD20E9800D4053A /* Products */ = {
			isa = PBXGroup;
			children = (
				A279184E2BD20E9800D4053A /* ThisApp.app */,
				A27918642BD20E9A00D4053A /* ThisAppTests.xctest */,
				A279186E2BD20E9A00D4053A /* ThisAppUITests.xctest */,
			);
			name = Products;
			sourceTree = "<group>";
		};
		A27918502BD20E9800D4053A /* ThisApp */ = {
			isa = PBXGroup;
			children = (
				A27918512BD20E9800D4053A /* AppDelegate.swift */,
				A27918532BD20E9800D4053A /* SceneDelegate.swift */,
				A27918552BD20E9800D4053A /* ViewController.swift */,
				A27918572BD20E9800D4053A /* Main.storyboard */,
				A279185A2BD20E9A00D4053A /* Assets.xcassets */,
				A279185C2BD20E9A00D4053A /* LaunchScreen.storyboard */,
				A279185F2BD20E9A00D4053A /* Info.plist */,
			);
			path = ThisApp;
			sourceTree = "<group>";
		};
		A27918672BD20E9A00D4053A /* ThisAppTests */ = {
			isa = PBXGroup;
			children = (
				A27918682BD20E9A00D4053A /* ThisAppTests.swift */,
			);
			path = ThisAppTests;
			sourceTree = "<group>";
		};
		A27918712BD20E9A00D4053A /* ThisAppUITests */ = {
			isa = PBXGroup;
			children = (
				A27918722BD20E9A00D4053A /* ThisAppUITests.swift */,
				A27918742BD20E9A00D4053A /* ThisAppUITestsLaunchTests.swift */,
			);
			path = ThisAppUITests;
			sourceTree = "<group>";
		};
/* End PBXGroup section */

/* Begin PBXNativeTarget section */
		A279184D2BD20E9800D4053A /* ThisApp */ = {
			isa = PBXNativeTarget;
			buildConfigurationList = A27918782BD20E9A00D4053A /* Build configuration list for PBXNativeTarget "ThisApp" */;
			buildPhases = (
				A279184A2BD20E9800D4053A /* Sources */,
				A279184B2BD20E9800D4053A /* Frameworks */,
				A279184C2BD20E9800D4053A /* Resources */,
			);
			buildRules = (
			);
			dependencies = (
			);
			name = ThisApp;
			packageProductDependencies = (
				A2617BD62BDF5A320053C4F9 /* GooglePlaces */,
			);
			productName = ThisApp;
			productReference = A279184E2BD20E9800D4053A /* ThisApp.app */;
			productType = "com.apple.product-type.application";
		};
		A27918632BD20E9A00D4053A /* ThisAppTests */ = {
			isa = PBXNativeTarget;
			buildConfigurationList = A279187B2BD20E9A00D4053A /* Build configuration list for PBXNativeTarget "ThisAppTests" */;
			buildPhases = (
				A27918602BD20E9A00D4053A /* Sources */,
				A27918612BD20E9A00D4053A /* Frameworks */,
				A27918622BD20E9A00D4053A /* Resources */,
			);
			buildRules = (
			);
			dependencies = (
				A27918662BD20E9A00D4053A /* PBXTargetDependency */,
			);
			name = ThisAppTests;
			productName = ThisAppTests;
			productReference = A27918642BD20E9A00D4053A /* ThisAppTests.xctest */;
			productType = "com.apple.product-type.bundle.unit-test";
		};
		A279186D2BD20E9A00D4053A /* ThisAppUITests */ = {
			isa = PBXNativeTarget;
			buildConfigurationList = A279187E2BD20E9A00D4053A /* Build configuration list for PBXNativeTarget "ThisAppUITests" */;
			buildPhases = (
				A279186A2BD20E9A00D4053A /* Sources */,
				A279186B2BD20E9A00D4053A /* Frameworks */,
				A279186C2BD20E9A00D4053A /* Resources */,
			);
			buildRules = (
			);
			dependencies = (
				A27918702BD20E9A00D4053A /* PBXTargetDependency */,
			);
			name = ThisAppUITests;
			productName = ThisAppUITests;
			productReference = A279186E2BD20E9A00D4053A /* ThisAppUITests.xctest */;
			productType = "com.apple.product-type.bundle.ui-testing";
		};
/* End PBXNativeTarget section */

/* Begin PBXProject section */
		A27918462BD20E9800D4053A /* Project object */ = {
			isa = PBXProject;
			attributes = {
				BuildIndependentTargetsInParallel = 1;
				LastSwiftUpdateCheck = 1530;
				LastUpgradeCheck = 1530;
				TargetAttributes = {
					A279184D2BD20E9800D4053A = {
						CreatedOnToolsVersion = 15.3;
					};
					A27918632BD20E9A00D4053A = {
						CreatedOnToolsVersion = 15.3;
						TestTargetID = A279184D2BD20E9800D4053A;
					};
					A279186D2BD20E9A00D4053A = {
						CreatedOnToolsVersion = 15.3;
						TestTargetID = A279184D2BD20E9800D4053A;
					};
				};
			};
			buildConfigurationList = A27918492BD20E9800D4053A /* Build configuration list for PBXProject "ThisApp" */;
			compatibilityVersion = "Xcode 14.0";
			developmentRegion = en;
			hasScannedForEncodings = 0;
			knownRegions = (
				en,
				Base,
			);
			mainGroup = A27918452BD20E9800D4053A;
			packageReferences = (
				A2617BD52BDF5A320053C4F9 /* XCRemoteSwiftPackageReference "ios-places-sdk" */,
				A2F0EF132BE2F61B00F14DFC /* XCRemoteSwiftPackageReference "ios-maps-sdk" */,
			);
			productRefGroup = A279184F2BD20E9800D4053A /* Products */;
			projectDirPath = "";
			projectRoot = "";
			targets = (
				A279184D2BD20E9800D4053A /* ThisApp */,
				A27918632BD20E9A00D4053A /* ThisAppTests */,
				A279186D2BD20E9A00D4053A /* ThisAppUITests */,
			);
		};
/* End PBXProject section */

/* Begin PBXResourcesBuildPhase section */
		A279184C2BD20E9800D4053A /* Resources */ = {
			isa = PBXResourcesBuildPhase;
			buildActionMask = 2147483647;
			files = (
				A279185B2BD20E9A00D4053A /* Assets.xcassets in Resources */,
				A279185E2BD20E9A00D4053A /* Base in Resources */,
				A27918592BD20E9800D4053A /* Base in Resources */,
			);
			runOnlyForDeploymentPostprocessing = 0;
		};
		A27918622BD20E9A00D4053A /* Resources */ = {
			isa = PBXResourcesBuildPhase;
			buildActionMask = 2147483647;
			files = (
			);
			runOnlyForDeploymentPostprocessing = 0;
		};
		A279186C2BD20E9A00D4053A /* Resources */ = {
			isa = PBXResourcesBuildPhase;
			buildActionMask = 2147483647;
			files = (
			);
			runOnlyForDeploymentPostprocessing = 0;
		};
/* End PBXResourcesBuildPhase section */

/* Begin PBXSourcesBuildPhase section */
		A279184A2BD20E9800D4053A /* Sources */ = {
			isa = PBXSourcesBuildPhase;
			buildActionMask = 2147483647;
			files = (
				A27918562BD20E9800D4053A /* ViewController.swift in Sources */,
				A27918522BD20E9800D4053A /* AppDelegate.swift in Sources */,
				A27918542BD20E9800D4053A /* SceneDelegate.swift in Sources */,
			);
			runOnlyForDeploymentPostprocessing = 0;
		};
		A27918602BD20E9A00D4053A /* Sources */ = {
			isa = PBXSourcesBuildPhase;
			buildActionMask = 2147483647;
			files = (
				A27918692BD20E9A00D4053A /* ThisAppTests.swift in Sources */,
			);
			runOnlyForDeploymentPostprocessing = 0;
		};
		A279186A2BD20E9A00D4053A /* Sources */ = {
			isa = PBXSourcesBuildPhase;
			buildActionMask = 2147483647;
			files = (
				A27918752BD20E9A00D4053A /* ThisAppUITestsLaunchTests.swift in Sources */,
				A27918732BD20E9A00D4053A /* ThisAppUITests.swift in Sources */,
			);
			runOnlyForDeploymentPostprocessing = 0;
		};
/* End PBXSourcesBuildPhase section */

/* Begin PBXTargetDependency section */
		A27918662BD20E9A00D4053A /* PBXTargetDependency */ = {
			isa = PBXTargetDependency;
			target = A279184D2BD20E9800D4053A /* ThisApp */;
			targetProxy = A27918652BD20E9A00D4053A /* PBXContainerItemProxy */;
		};
		A27918702BD20E9A00D4053A /* PBXTargetDependency */ = {
			isa = PBXTargetDependency;
			target = A279184D2BD20E9800D4053A /* ThisApp */;
			targetProxy = A279186F2BD20E9A00D4053A /* PBXContainerItemProxy */;
		};
/* End PBXTargetDependency section */

/* Begin PBXVariantGroup section */
		A27918572BD20E9800D4053A /* Main.storyboard */ = {
			isa = PBXVariantGroup;
			children = (
				A27918582BD20E9800D4053A /* Base */,
			);
			name = Main.storyboard;
			sourceTree = "<group>";
		};
		A279185C2BD20E9A00D4053A /* LaunchScreen.storyboard */ = {
			isa = PBXVariantGroup;
			children = (
				A279185D2BD20E9A00D4053A /* Base */,
			);
			name = LaunchScreen.storyboard;
			sourceTree = "<group>";
		};
/* End PBXVariantGroup section */

/* Begin XCBuildConfiguration section */
		A27918762BD20E9A00D4053A /* Debug */ = {
			isa = XCBuildConfiguration;
			buildSettings = {
				ALWAYS_SEARCH_USER_PATHS = NO;
				ASSETCATALOG_COMPILER_GENERATE_SWIFT_ASSET_SYMBOL_EXTENSIONS = YES;
				CLANG_ANALYZER_NONNULL = YES;
				CLANG_ANALYZER_NUMBER_OBJECT_CONVERSION = YES_AGGRESSIVE;
				CLANG_CXX_LANGUAGE_STANDARD = "gnu++20";
				CLANG_ENABLE_MODULES = YES;
				CLANG_ENABLE_OBJC_ARC = YES;
				CLANG_ENABLE_OBJC_WEAK = YES;
				CLANG_WARN_BLOCK_CAPTURE_AUTORELEASING = YES;
				CLANG_WARN_BOOL_CONVERSION = YES;
				CLANG_WARN_COMMA = YES;
				CLANG_WARN_CONSTANT_CONVERSION = YES;
				CLANG_WARN_DEPRECATED_OBJC_IMPLEMENTATIONS = YES;
				CLANG_WARN_DIRECT_OBJC_ISA_USAGE = YES_ERROR;
				CLANG_WARN_DOCUMENTATION_COMMENTS = YES;
				CLANG_WARN_EMPTY_BODY = YES;
				CLANG_WARN_ENUM_CONVERSION = YES;
				CLANG_WARN_INFINITE_RECURSION = YES;
				CLANG_WARN_INT_CONVERSION = YES;
				CLANG_WARN_NON_LITERAL_NULL_CONVERSION = YES;
				CLANG_WARN_OBJC_IMPLICIT_RETAIN_SELF = YES;
				CLANG_WARN_OBJC_LITERAL_CONVERSION = YES;
				CLANG_WARN_OBJC_ROOT_CLASS = YES_ERROR;
				CLANG_WARN_QUOTED_INCLUDE_IN_FRAMEWORK_HEADER = YES;
				CLANG_WARN_RANGE_LOOP_ANALYSIS = YES;
				CLANG_WARN_STRICT_PROTOTYPES = YES;
				CLANG_WARN_SUSPICIOUS_MOVE = YES;
				CLANG_WARN_UNGUARDED_AVAILABILITY = YES_AGGRESSIVE;
				CLANG_WARN_UNREACHABLE_CODE = YES;
				CLANG_WARN__DUPLICATE_METHOD_MATCH = YES;
				COPY_PHASE_STRIP = NO;
				DEBUG_INFORMATION_FORMAT = dwarf;
				ENABLE_STRICT_OBJC_MSGSEND = YES;
				ENABLE_TESTABILITY = YES;
				ENABLE_USER_SCRIPT_SANDBOXING = YES;
				GCC_C_LANGUAGE_STANDARD = gnu17;
				GCC_DYNAMIC_NO_PIC = NO;
				GCC_NO_COMMON_BLOCKS = YES;
				GCC_OPTIMIZATION_LEVEL = 0;
				GCC_PREPROCESSOR_DEFINITIONS = (
					"DEBUG=1",
					"$(inherited)",
				);
				GCC_WARN_64_TO_32_BIT_CONVERSION = YES;
				GCC_WARN_ABOUT_RETURN_TYPE = YES_ERROR;
				GCC_WARN_UNDECLARED_SELECTOR = YES;
				GCC_WARN_UNINITIALIZED_AUTOS = YES_AGGRESSIVE;
				GCC_WARN_UNUSED_FUNCTION = YES;
				GCC_WARN_UNUSED_VARIABLE = YES;
				IPHONEOS_DEPLOYMENT_TARGET = 17.4;
				LOCALIZATION_PREFERS_STRING_CATALOGS = YES;
				MTL_ENABLE_DEBUG_INFO = INCLUDE_SOURCE;
				MTL_FAST_MATH = YES;
				ONLY_ACTIVE_ARCH = YES;
				SDKROOT = iphoneos;
				SWIFT_ACTIVE_COMPILATION_CONDITIONS = "DEBUG $(inherited)";
				SWIFT_OPTIMIZATION_LEVEL = "-Onone";
			};
			name = Debug;
		};
		A27918772BD20E9A00D4053A /* Release */ = {
			isa = XCBuildConfiguration;
			buildSettings = {
				ALWAYS_SEARCH_USER_PATHS = NO;
				ASSETCATALOG_COMPILER_GENERATE_SWIFT_ASSET_SYMBOL_EXTENSIONS = YES;
				CLANG_ANALYZER_NONNULL = YES;
				CLANG_ANALYZER_NUMBER_OBJECT_CONVERSION = YES_AGGRESSIVE;
				CLANG_CXX_LANGUAGE_STANDARD = "gnu++20";
				CLANG_ENABLE_MODULES = YES;
				CLANG_ENABLE_OBJC_ARC = YES;
				CLANG_ENABLE_OBJC_WEAK = YES;
				CLANG_WARN_BLOCK_CAPTURE_AUTORELEASING = YES;
				CLANG_WARN_BOOL_CONVERSION = YES;
				CLANG_WARN_COMMA = YES;
				CLANG_WARN_CONSTANT_CONVERSION = YES;
				CLANG_WARN_DEPRECATED_OBJC_IMPLEMENTATIONS = YES;
				CLANG_WARN_DIRECT_OBJC_ISA_USAGE = YES_ERROR;
				CLANG_WARN_DOCUMENTATION_COMMENTS = YES;
				CLANG_WARN_EMPTY_BODY = YES;
				CLANG_WARN_ENUM_CONVERSION = YES;
				CLANG_WARN_INFINITE_RECURSION = YES;
				CLANG_WARN_INT_CONVERSION = YES;
				CLANG_WARN_NON_LITERAL_NULL_CONVERSION = YES;
				CLANG_WARN_OBJC_IMPLICIT_RETAIN_SELF = YES;
				CLANG_WARN_OBJC_LITERAL_CONVERSION = YES;
				CLANG_WARN_OBJC_ROOT_CLASS = YES_ERROR;
				CLANG_WARN_QUOTED_INCLUDE_IN_FRAMEWORK_HEADER = YES;
				CLANG_WARN_RANGE_LOOP_ANALYSIS = YES;
				CLANG_WARN_STRICT_PROTOTYPES = YES;
				CLANG_WARN_SUSPICIOUS_MOVE = YES;
				CLANG_WARN_UNGUARDED_AVAILABILITY = YES_AGGRESSIVE;
				CLANG_WARN_UNREACHABLE_CODE = YES;
				CLANG_WARN__DUPLICATE_METHOD_MATCH = YES;
				COPY_PHASE_STRIP = NO;
				DEBUG_INFORMATION_FORMAT = "dwarf-with-dsym";
				ENABLE_NS_ASSERTIONS = NO;
				ENABLE_STRICT_OBJC_MSGSEND = YES;
				ENABLE_USER_SCRIPT_SANDBOXING = YES;
				GCC_C_LANGUAGE_STANDARD = gnu17;
				GCC_NO_COMMON_BLOCKS = YES;
				GCC_WARN_64_TO_32_BIT_CONVERSION = YES;
				GCC_WARN_ABOUT_RETURN_TYPE = YES_ERROR;
				GCC_WARN_UNDECLARED_SELECTOR = YES;
				GCC_WARN_UNINITIALIZED_AUTOS = YES_AGGRESSIVE;
				GCC_WARN_UNUSED_FUNCTION = YES;
				GCC_WARN_UNUSED_VARIABLE = YES;
				IPHONEOS_DEPLOYMENT_TARGET = 17.4;
				LOCALIZATION_PREFERS_STRING_CATALOGS = YES;
				MTL_ENABLE_DEBUG_INFO = NO;
				MTL_FAST_MATH = YES;
				SDKROOT = iphoneos;
				SWIFT_COMPILATION_MODE = wholemodule;
				VALIDATE_PRODUCT = YES;
			};
			name = Release;
		};
		A27918792BD20E9A00D4053A /* Debug */ = {
			isa = XCBuildConfiguration;
			buildSettings = {
				ASSETCATALOG_COMPILER_APPICON_NAME = AppIcon;
				ASSETCATALOG_COMPILER_GLOBAL_ACCENT_COLOR_NAME = AccentColor;
				CODE_SIGN_STYLE = Automatic;
				CURRENT_PROJECT_VERSION = 1;
				GENERATE_INFOPLIST_FILE = YES;
				INFOPLIST_FILE = ThisApp/Info.plist;
				INFOPLIST_KEY_NSLocationAlwaysUsageDescription = "Test needs location";
				INFOPLIST_KEY_NSLocationWhenInUseUsageDescription = "Test needs location";
				INFOPLIST_KEY_UIApplicationSupportsIndirectInputEvents = YES;
				INFOPLIST_KEY_UILaunchStoryboardName = LaunchScreen;
				INFOPLIST_KEY_UIMainStoryboardFile = Main;
				INFOPLIST_KEY_UISupportedInterfaceOrientations_iPad = "UIInterfaceOrientationPortrait UIInterfaceOrientationPortraitUpsideDown UIInterfaceOrientationLandscapeLeft UIInterfaceOrientationLandscapeRight";
				INFOPLIST_KEY_UISupportedInterfaceOrientations_iPhone = "UIInterfaceOrientationPortrait UIInterfaceOrientationLandscapeLeft UIInterfaceOrientationLandscapeRight";
				LD_RUNPATH_SEARCH_PATHS = (
					"$(inherited)",
					"@executable_path/Frameworks",
				);
				MARKETING_VERSION = 1.0;
				PRODUCT_BUNDLE_IDENTIFIER = class.ThisApp;
				PRODUCT_NAME = "$(TARGET_NAME)";
				SWIFT_EMIT_LOC_STRINGS = YES;
				SWIFT_VERSION = 5.0;
				TARGETED_DEVICE_FAMILY = "1,2";
			};
			name = Debug;
		};
		A279187A2BD20E9A00D4053A /* Release */ = {
			isa = XCBuildConfiguration;
			buildSettings = {
				ASSETCATALOG_COMPILER_APPICON_NAME = AppIcon;
				ASSETCATALOG_COMPILER_GLOBAL_ACCENT_COLOR_NAME = AccentColor;
				CODE_SIGN_STYLE = Automatic;
				CURRENT_PROJECT_VERSION = 1;
				GENERATE_INFOPLIST_FILE = YES;
				INFOPLIST_FILE = ThisApp/Info.plist;
				INFOPLIST_KEY_NSLocationAlwaysUsageDescription = "Test needs location";
				INFOPLIST_KEY_NSLocationWhenInUseUsageDescription = "Test needs location";
				INFOPLIST_KEY_UIApplicationSupportsIndirectInputEvents = YES;
				INFOPLIST_KEY_UILaunchStoryboardName = LaunchScreen;
				INFOPLIST_KEY_UIMainStoryboardFile = Main;
				INFOPLIST_KEY_UISupportedInterfaceOrientations_iPad = "UIInterfaceOrientationPortrait UIInterfaceOrientationPortraitUpsideDown UIInterfaceOrientationLandscapeLeft UIInterfaceOrientationLandscapeRight";
				INFOPLIST_KEY_UISupportedInterfaceOrientations_iPhone = "UIInterfaceOrientationPortrait UIInterfaceOrientationLandscapeLeft UIInterfaceOrientationLandscapeRight";
				LD_RUNPATH_SEARCH_PATHS = (
					"$(inherited)",
					"@executable_path/Frameworks",
				);
				MARKETING_VERSION = 1.0;
				PRODUCT_BUNDLE_IDENTIFIER = class.ThisApp;
				PRODUCT_NAME = "$(TARGET_NAME)";
				SWIFT_EMIT_LOC_STRINGS = YES;
				SWIFT_VERSION = 5.0;
				TARGETED_DEVICE_FAMILY = "1,2";
			};
			name = Release;
		};
		A279187C2BD20E9A00D4053A /* Debug */ = {
			isa = XCBuildConfiguration;
			buildSettings = {
				ALWAYS_EMBED_SWIFT_STANDARD_LIBRARIES = YES;
				BUNDLE_LOADER = "$(TEST_HOST)";
				CODE_SIGN_STYLE = Automatic;
				CURRENT_PROJECT_VERSION = 1;
				GENERATE_INFOPLIST_FILE = YES;
				IPHONEOS_DEPLOYMENT_TARGET = 17.4;
				MARKETING_VERSION = 1.0;
				PRODUCT_BUNDLE_IDENTIFIER = class.ThisAppTests;
				PRODUCT_NAME = "$(TARGET_NAME)";
				SWIFT_EMIT_LOC_STRINGS = NO;
				SWIFT_VERSION = 5.0;
				TARGETED_DEVICE_FAMILY = "1,2";
				TEST_HOST = "$(BUILT_PRODUCTS_DIR)/ThisApp.app/$(BUNDLE_EXECUTABLE_FOLDER_PATH)/ThisApp";
			};
			name = Debug;
		};
		A279187D2BD20E9A00D4053A /* Release */ = {
			isa = XCBuildConfiguration;
			buildSettings = {
				ALWAYS_EMBED_SWIFT_STANDARD_LIBRARIES = YES;
				BUNDLE_LOADER = "$(TEST_HOST)";
				CODE_SIGN_STYLE = Automatic;
				CURRENT_PROJECT_VERSION = 1;
				GENERATE_INFOPLIST_FILE = YES;
				IPHONEOS_DEPLOYMENT_TARGET = 17.4;
				MARKETING_VERSION = 1.0;
				PRODUCT_BUNDLE_IDENTIFIER = class.ThisAppTests;
				PRODUCT_NAME = "$(TARGET_NAME)";
				SWIFT_EMIT_LOC_STRINGS = NO;
				SWIFT_VERSION = 5.0;
				TARGETED_DEVICE_FAMILY = "1,2";
				TEST_HOST = "$(BUILT_PRODUCTS_DIR)/ThisApp.app/$(BUNDLE_EXECUTABLE_FOLDER_PATH)/ThisApp";
			};
			name = Release;
		};
		A279187F2BD20E9A00D4053A /* Debug */ = {
			isa = XCBuildConfiguration;
			buildSettings = {
				ALWAYS_EMBED_SWIFT_STANDARD_LIBRARIES = YES;
				CODE_SIGN_STYLE = Automatic;
				CURRENT_PROJECT_VERSION = 1;
				GENERATE_INFOPLIST_FILE = YES;
				MARKETING_VERSION = 1.0;
				PRODUCT_BUNDLE_IDENTIFIER = class.ThisAppUITests;
				PRODUCT_NAME = "$(TARGET_NAME)";
				SWIFT_EMIT_LOC_STRINGS = NO;
				SWIFT_VERSION = 5.0;
				TARGETED_DEVICE_FAMILY = "1,2";
				TEST_TARGET_NAME = ThisApp;
			};
			name = Debug;
		};
		A27918802BD20E9A00D4053A /* Release */ = {
			isa = XCBuildConfiguration;
			buildSettings = {
				ALWAYS_EMBED_SWIFT_STANDARD_LIBRARIES = YES;
				CODE_SIGN_STYLE = Automatic;
				CURRENT_PROJECT_VERSION = 1;
				GENERATE_INFOPLIST_FILE = YES;
				MARKETING_VERSION = 1.0;
				PRODUCT_BUNDLE_IDENTIFIER = class.ThisAppUITests;
				PRODUCT_NAME = "$(TARGET_NAME)";
				SWIFT_EMIT_LOC_STRINGS = NO;
				SWIFT_VERSION = 5.0;
				TARGETED_DEVICE_FAMILY = "1,2";
				TEST_TARGET_NAME = ThisApp;
			};
			name = Release;
		};
/* End XCBuildConfiguration section */

/* Begin XCConfigurationList section */
		A27918492BD20E9800D4053A /* Build configuration list for PBXProject "ThisApp" */ = {
			isa = XCConfigurationList;
			buildConfigurations = (
				A27918762BD20E9A00D4053A /* Debug */,
				A27918772BD20E9A00D4053A /* Release */,
			);
			defaultConfigurationIsVisible = 0;
			defaultConfigurationName = Release;
		};
		A27918782BD20E9A00D4053A /* Build configuration list for PBXNativeTarget "ThisApp" */ = {
			isa = XCConfigurationList;
			buildConfigurations = (
				A27918792BD20E9A00D4053A /* Debug */,
				A279187A2BD20E9A00D4053A /* Release */,
			);
			defaultConfigurationIsVisible = 0;
			defaultConfigurationName = Release;
		};
		A279187B2BD20E9A00D4053A /* Build configuration list for PBXNativeTarget "ThisAppTests" */ = {
			isa = XCConfigurationList;
			buildConfigurations = (
				A279187C2BD20E9A00D4053A /* Debug */,
				A279187D2BD20E9A00D4053A /* Release */,
			);
			defaultConfigurationIsVisible = 0;
			defaultConfigurationName = Release;
		};
		A279187E2BD20E9A00D4053A /* Build configuration list for PBXNativeTarget "ThisAppUITests" */ = {
			isa = XCConfigurationList;
			buildConfigurations = (
				A279187F2BD20E9A00D4053A /* Debug */,
				A27918802BD20E9A00D4053A /* Release */,
			);
			defaultConfigurationIsVisible = 0;
			defaultConfigurationName = Release;
		};
/* End XCConfigurationList section */

/* Begin XCRemoteSwiftPackageReference section */
		A2617BD52BDF5A320053C4F9 /* XCRemoteSwiftPackageReference "ios-places-sdk" */ = {
			isa = XCRemoteSwiftPackageReference;
			repositoryURL = "https://github.com/googlemaps/ios-places-sdk";
			requirement = {
				kind = upToNextMajorVersion;
				minimumVersion = 8.5.0;
			};
		};
		A2F0EF132BE2F61B00F14DFC /* XCRemoteSwiftPackageReference "ios-maps-sdk" */ = {
			isa = XCRemoteSwiftPackageReference;
			repositoryURL = "https://github.com/googlemaps/ios-maps-sdk";
			requirement = {
				kind = upToNextMajorVersion;
				minimumVersion = 8.4.0;
			};
		};
/* End XCRemoteSwiftPackageReference section */

/* Begin XCSwiftPackageProductDependency section */
		A2617BD62BDF5A320053C4F9 /* GooglePlaces */ = {
			isa = XCSwiftPackageProductDependency;
			package = A2617BD52BDF5A320053C4F9 /* XCRemoteSwiftPackageReference "ios-places-sdk" */;
			productName = GooglePlaces;
		};
/* End XCSwiftPackageProductDependency section */
	};
	rootObject = A27918462BD20E9800D4053A /* Project object */;
}
